
Microsoft Visual Studio Solution File, Format Version 12.00
# Visual Studio Version 17
VisualStudioVersion = 17.6.33723.286
MinimumVisualStudioVersion = 10.0.40219.1
Project("{9A19103F-16F7-4668-BE54-9A1E7A4F7556}") = "Uniaraxa.AmigoSecreto.Application", "Uniaraxa.AmigoSecreto.Application\Uniaraxa.AmigoSecreto.Application.csproj", "{4C6A1EAF-D73C-43FC-B2BE-3F6ED72FE920}"
EndProject
Project("{9A19103F-16F7-4668-BE54-9A1E7A4F7556}") = "Uniaraxa.AmigoSecreto.Core", "Uniaraxa.AmigoSecreto.Core\Uniaraxa.AmigoSecreto.Core.csproj", "{896D4E55-18A9-40C5-BEB3-3570B9EF5AF1}"
EndProject
Project("{9A19103F-16F7-4668-BE54-9A1E7A4F7556}") = "Uniaraxa.AmigoSecreto.Infrastructure", "Uniaraxa.AmigoSecreto.Infrastructure\Uniaraxa.AmigoSecreto.Infrastructure.csproj", "{0B7ADFE0-6C44-4E25-9EFF-7EBF504E850D}"
EndProject
Project("{9A19103F-16F7-4668-BE54-9A1E7A4F7556}") = "Uniaraxa.AmigoSecreto.WebApi", "Uniaraxa.AmigoSecreto.WebApi\Uniaraxa.AmigoSecreto.WebApi.csproj", "{E4E3F108-B319-4CBC-BC9B-A49BF5F1D2E4}"
EndProject
Global
	GlobalSection(SolutionConfigurationPlatforms) = preSolution
		Debug|Any CPU = Debug|Any CPU
		Release|Any CPU = Release|Any CPU
	EndGlobalSection
	GlobalSection(ProjectConfigurationPlatforms) = postSolution
		{4C6A1EAF-D73C-43FC-B2BE-3F6ED72FE920}.Debug|Any CPU.ActiveCfg = Debug|Any CPU
		{4C6A1EAF-D73C-43FC-B2BE-3F6ED72FE920}.Debug|Any CPU.Build.0 = Debug|Any CPU
		{4C6A1EAF-D73C-43FC-B2BE-3F6ED72FE920}.Release|Any CPU.ActiveCfg = Release|Any CPU
		{4C6A1EAF-D73C-43FC-B2BE-3F6ED72FE920}.Release|Any CPU.Build.0 = Release|Any CPU
		{896D4E55-18A9-40C5-BEB3-3570B9EF5AF1}.Debug|Any CPU.ActiveCfg = Debug|Any CPU
		{896D4E55-18A9-40C5-BEB3-3570B9EF5AF1}.Debug|Any CPU.Build.0 = Debug|Any CPU
		{896D4E55-18A9-40C5-BEB3-3570B9EF5AF1}.Release|Any CPU.ActiveCfg = Release|Any CPU
		{896D4E55-18A9-40C5-BEB3-3570B9EF5AF1}.Release|Any CPU.Build.0 = Release|Any CPU
		{0B7ADFE0-6C44-4E25-9EFF-7EBF504E850D}.Debug|Any CPU.ActiveCfg = Debug|Any CPU
		{0B7ADFE0-6C44-4E25-9EFF-7EBF504E850D}.Debug|Any CPU.Build.0 = Debug|Any CPU
		{0B7ADFE0-6C44-4E25-9EFF-7EBF504E850D}.Release|Any CPU.ActiveCfg = Release|Any CPU
		{0B7ADFE0-6C44-4E25-9EFF-7EBF504E850D}.Release|Any CPU.Build.0 = Release|Any CPU
		{E4E3F108-B319-4CBC-BC9B-A49BF5F1D2E4}.Debug|Any CPU.ActiveCfg = Debug|Any CPU
		{E4E3F108-B319-4CBC-BC9B-A49BF5F1D2E4}.Debug|Any CPU.Build.0 = Debug|Any CPU
		{E4E3F108-B319-4CBC-BC9B-A49BF5F1D2E4}.Release|Any CPU.ActiveCfg = Release|Any CPU
		{E4E3F108-B319-4CBC-BC9B-A49BF5F1D2E4}.Release|Any CPU.Build.0 = Release|Any CPU
	EndGlobalSection
	GlobalSection(SolutionProperties) = preSolution
		HideSolutionNode = FALSE
	EndGlobalSection
	GlobalSection(ExtensibilityGlobals) = postSolution
		SolutionGuid = {CE954516-BB79-46EA-AC9A-439A5162B2E5}
	EndGlobalSection
EndGlobal
